
Microsoft Visual Studio Solution File, Format Version 12.00
# Visual Studio 15
VisualStudioVersion = 15.0.27130.2024
MinimumVisualStudioVersion = 10.0.40219.1
Project("{8BC9CEB8-8B4A-11D0-8D11-00A0C91BC942}") = "Application", "Application\Application.vcxproj", "{F846F789-A096-42E9-AAA4-E1B5A417BD8D}"
EndProject
Project("{2150E333-8FDC-42A3-9474-1A3956D46DE8}") = "Solution Items", "Solution Items", "{BA33CAF0-D18B-4F28-B943-BE34C2CBB594}"
	ProjectSection(SolutionItems) = preProject
		.editorconfig = .editorconfig
		.gitattributes = .gitattributes
		.gitignore = .gitignore
		ReadMe.md = ReadMe.md
		ZipInfoCpp.props = ZipInfoCpp.props
	EndProjectSection
EndProject
Global
	GlobalSection(SolutionConfigurationPlatforms) = preSolution
		Debug|x64 = Debug|x64
		Debug|x86 = Debug|x86
		Release|x64 = Release|x64
		Release|x86 = Release|x86
	EndGlobalSection
	GlobalSection(ProjectConfigurationPlatforms) = postSolution
		{F846F789-A096-42E9-AAA4-E1B5A417BD8D}.Debug|x64.ActiveCfg = Debug|x64
		{F846F789-A096-42E9-AAA4-E1B5A417BD8D}.Debug|x64.Build.0 = Debug|x64
		{F846F789-A096-42E9-AAA4-E1B5A417BD8D}.Debug|x86.ActiveCfg = Debug|Win32
		{F846F789-A096-42E9-AAA4-E1B5A417BD8D}.Debug|x86.Build.0 = Debug|Win32
		{F846F789-A096-42E9-AAA4-E1B5A417BD8D}.Release|x64.ActiveCfg = Release|x64
		{F846F789-A096-42E9-AAA4-E1B5A417BD8D}.Release|x64.Build.0 = Release|x64
		{F846F789-A096-42E9-AAA4-E1B5A417BD8D}.Release|x86.ActiveCfg = Release|Win32
		{F846F789-A096-42E9-AAA4-E1B5A417BD8D}.Release|x86.Build.0 = Release|Win32
	EndGlobalSection
	GlobalSection(SolutionProperties) = preSolution
		HideSolutionNode = FALSE
	EndGlobalSection
	GlobalSection(ExtensibilityGlobals) = postSolution
		SolutionGuid = {33F16E6E-BE35-4F2C-8691-CFF6DF1FB919}
	EndGlobalSection
EndGlobal
